Microsoft Visual Studio Solution File, Format Version 8.00
Project("{8BC9CEB8-8B4A-11D0-8D11-00A0C91BC942}") = "TS_container", "TS_container.vcproj", "{A08C0750-AC4D-45D4-B826-34D9337B85EC}"
	ProjectSection(ProjectDependencies) = postProject
	EndProjectSection
EndProject
Global
	GlobalSection(SolutionConfiguration) = preSolution
		Debug = Debug
		Release = Release
	EndGlobalSection
	GlobalSection(ProjectConfiguration) = postSolution
		{A08C0750-AC4D-45D4-B826-34D9337B85EC}.Debug.ActiveCfg = Debug|Win32
		{A08C0750-AC4D-45D4-B826-34D9337B85EC}.Debug.Build.0 = Debug|Win32
		{A08C0750-AC4D-45D4-B826-34D9337B85EC}.Release.ActiveCfg = Release|Win32
		{A08C0750-AC4D-45D4-B826-34D9337B85EC}.Release.Build.0 = Release|Win32
	EndGlobalSection
	GlobalSection(ExtensibilityGlobals) = postSolution
	EndGlobalSection
	GlobalSection(ExtensibilityAddIns) = postSolution
	EndGlobalSection
EndGlobal
